
Microsoft Visual Studio Solution File, Format Version 12.00
# Visual Studio Version 17
VisualStudioVersion = 17.4.33213.308
MinimumVisualStudioVersion = 10.0.40219.1
Project("{FAE04EC0-301F-11D3-BF4B-00C04F79EFBC}") = "FileMover", "FileMover\FileMover.csproj", "{1B1FFF7D-D1F8-4E1A-B70A-FE297CE06BCF}"
EndProject
Global
	GlobalSection(SolutionConfigurationPlatforms) = preSolution
		Debug|Any CPU = Debug|Any CPU
		Release|Any CPU = Release|Any CPU
	EndGlobalSection
	GlobalSection(ProjectConfigurationPlatforms) = postSolution
		{1B1FFF7D-D1F8-4E1A-B70A-FE297CE06BCF}.Debug|Any CPU.ActiveCfg = Debug|Any CPU
		{1B1FFF7D-D1F8-4E1A-B70A-FE297CE06BCF}.Debug|Any CPU.Build.0 = Debug|Any CPU
		{1B1FFF7D-D1F8-4E1A-B70A-FE297CE06BCF}.Release|Any CPU.ActiveCfg = Release|Any CPU
		{1B1FFF7D-D1F8-4E1A-B70A-FE297CE06BCF}.Release|Any CPU.Build.0 = Release|Any CPU
	EndGlobalSection
	GlobalSection(SolutionProperties) = preSolution
		HideSolutionNode = FALSE
	EndGlobalSection
	GlobalSection(ExtensibilityGlobals) = postSolution
		SolutionGuid = {840C7D79-9462-4C1B-BFD0-6CFB2100D599}
	EndGlobalSection
EndGlobal
